
Microsoft Visual Studio Solution File, Format Version 12.00
# Visual Studio 15
VisualStudioVersion = 15.0.27703.2035
MinimumVisualStudioVersion = 10.0.40219.1
Project("{FAE04EC0-301F-11D3-BF4B-00C04F79EFBC}") = "wpfTipCalculator8000", "wpfTipCalculator8000\wpfTipCalculator8000.csproj", "{FC3C4363-DD77-4A94-A4E3-FFE68E83A657}"
EndProject
Global
	GlobalSection(SolutionConfigurationPlatforms) = preSolution
		Debug|Any CPU = Debug|Any CPU
		Release|Any CPU = Release|Any CPU
	EndGlobalSection
	GlobalSection(ProjectConfigurationPlatforms) = postSolution
		{FC3C4363-DD77-4A94-A4E3-FFE68E83A657}.Debug|Any CPU.ActiveCfg = Debug|Any CPU
		{FC3C4363-DD77-4A94-A4E3-FFE68E83A657}.Debug|Any CPU.Build.0 = Debug|Any CPU
		{FC3C4363-DD77-4A94-A4E3-FFE68E83A657}.Release|Any CPU.ActiveCfg = Release|Any CPU
		{FC3C4363-DD77-4A94-A4E3-FFE68E83A657}.Release|Any CPU.Build.0 = Release|Any CPU
	EndGlobalSection
	GlobalSection(SolutionProperties) = preSolution
		HideSolutionNode = FALSE
	EndGlobalSection
	GlobalSection(ExtensibilityGlobals) = postSolution
		SolutionGuid = {01C43BA1-198C-42F8-AF5E-DC1C7EB7C2F8}
	EndGlobalSection
EndGlobal
